
Microsoft Visual Studio Solution File, Format Version 12.00
# Visual Studio Version 16
VisualStudioVersion = 16.6.30114.105
MinimumVisualStudioVersion = 10.0.40219.1
Project("{FAE04EC0-301F-11D3-BF4B-00C04F79EFBC}") = "Penguin.Cms.Files.Local", "Penguin.Cms.Files.Local.csproj", "{76054880-7D79-45B1-B9D1-4495A127B7F2}"
EndProject
Project("{FAE04EC0-301F-11D3-BF4B-00C04F79EFBC}") = "Penguin.Files.Abstractions.Local", "..\Penguin.Files.Abstractions\Penguin.Files.Abstractions.Local.csproj", "{2A0C7A3C-5E23-449E-8EFE-9A4FB448E420}"
EndProject
Project("{FAE04EC0-301F-11D3-BF4B-00C04F79EFBC}") = "Penguin.Cms.Entities.Local", "..\Penguin.Cms.Entities\Penguin.Cms.Entities.Local.csproj", "{8842DFB9-E65A-4D50-8C55-CE86EEC40431}"
EndProject
Project("{FAE04EC0-301F-11D3-BF4B-00C04F79EFBC}") = "Penguin.Persistence.Abstractions.Local", "..\Penguin.Persistence.Abstractions\Penguin.Persistence.Abstractions.Local.csproj", "{F261CF17-CBC8-4257-9187-32200CFCA87C}"
EndProject
Project("{FAE04EC0-301F-11D3-BF4B-00C04F79EFBC}") = "Penguin.Entities.Abstractions.Local", "..\Penguin.Entities.Abstractions\Penguin.Entities.Abstractions.Local.csproj", "{B62CA75F-3C79-4157-9D6C-D351CF74C74A}"
EndProject
Project("{FAE04EC0-301F-11D3-BF4B-00C04F79EFBC}") = "Penguin.Reflection.Extensions.Local", "..\Penguin.Reflection.Extensions\Penguin.Reflection.Extensions.Local.csproj", "{71960094-C57A-4A97-A55C-E5862B93433D}"
EndProject
Project("{FAE04EC0-301F-11D3-BF4B-00C04F79EFBC}") = "Penguin.Reflection.Abstractions.Local", "..\Penguin.Reflection.Abstractions\Penguin.Reflection.Abstractions.Local.csproj", "{2777263C-E647-4B82-A1A8-5FBE15D0A6DA}"
EndProject
Project("{FAE04EC0-301F-11D3-BF4B-00C04F79EFBC}") = "Penguin.Extensions.String.Local", "..\Penguin.Extensions.String\Penguin.Extensions.String.Local.csproj", "{D9C451D9-0543-4089-8488-C61FB21C5891}"
EndProject
Global
	GlobalSection(SolutionConfigurationPlatforms) = preSolution
		Debug|Any CPU = Debug|Any CPU
		Debug|x64 = Debug|x64
		Debug|x86 = Debug|x86
		Release|Any CPU = Release|Any CPU
		Release|x64 = Release|x64
		Release|x86 = Release|x86
	EndGlobalSection
	GlobalSection(SolutionProperties) = preSolution
		HideSolutionNode = FALSE
	EndGlobalSection
	GlobalSection(ProjectConfigurationPlatforms) = postSolution
		{76054880-7D79-45B1-B9D1-4495A127B7F2}.Debug|Any CPU.ActiveCfg = Debug|Any CPU
		{76054880-7D79-45B1-B9D1-4495A127B7F2}.Debug|Any CPU.Build.0 = Debug|Any CPU
		{76054880-7D79-45B1-B9D1-4495A127B7F2}.Debug|x64.ActiveCfg = Debug|Any CPU
		{76054880-7D79-45B1-B9D1-4495A127B7F2}.Debug|x64.Build.0 = Debug|Any CPU
		{76054880-7D79-45B1-B9D1-4495A127B7F2}.Debug|x86.ActiveCfg = Debug|Any CPU
		{76054880-7D79-45B1-B9D1-4495A127B7F2}.Debug|x86.Build.0 = Debug|Any CPU
		{76054880-7D79-45B1-B9D1-4495A127B7F2}.Release|Any CPU.ActiveCfg = Release|Any CPU
		{76054880-7D79-45B1-B9D1-4495A127B7F2}.Release|Any CPU.Build.0 = Release|Any CPU
		{76054880-7D79-45B1-B9D1-4495A127B7F2}.Release|x64.ActiveCfg = Release|Any CPU
		{76054880-7D79-45B1-B9D1-4495A127B7F2}.Release|x64.Build.0 = Release|Any CPU
		{76054880-7D79-45B1-B9D1-4495A127B7F2}.Release|x86.ActiveCfg = Release|Any CPU
		{76054880-7D79-45B1-B9D1-4495A127B7F2}.Release|x86.Build.0 = Release|Any CPU
		{2A0C7A3C-5E23-449E-8EFE-9A4FB448E420}.Debug|Any CPU.ActiveCfg = Debug|Any CPU
		{2A0C7A3C-5E23-449E-8EFE-9A4FB448E420}.Debug|Any CPU.Build.0 = Debug|Any CPU
		{2A0C7A3C-5E23-449E-8EFE-9A4FB448E420}.Debug|x64.ActiveCfg = Debug|Any CPU
		{2A0C7A3C-5E23-449E-8EFE-9A4FB448E420}.Debug|x64.Build.0 = Debug|Any CPU
		{2A0C7A3C-5E23-449E-8EFE-9A4FB448E420}.Debug|x86.ActiveCfg = Debug|Any CPU
		{2A0C7A3C-5E23-449E-8EFE-9A4FB448E420}.Debug|x86.Build.0 = Debug|Any CPU
		{2A0C7A3C-5E23-449E-8EFE-9A4FB448E420}.Release|Any CPU.ActiveCfg = Release|Any CPU
		{2A0C7A3C-5E23-449E-8EFE-9A4FB448E420}.Release|Any CPU.Build.0 = Release|Any CPU
		{2A0C7A3C-5E23-449E-8EFE-9A4FB448E420}.Release|x64.ActiveCfg = Release|Any CPU
		{2A0C7A3C-5E23-449E-8EFE-9A4FB448E420}.Release|x64.Build.0 = Release|Any CPU
		{2A0C7A3C-5E23-449E-8EFE-9A4FB448E420}.Release|x86.ActiveCfg = Release|Any CPU
		{2A0C7A3C-5E23-449E-8EFE-9A4FB448E420}.Release|x86.Build.0 = Release|Any CPU
		{8842DFB9-E65A-4D50-8C55-CE86EEC40431}.Debug|Any CPU.ActiveCfg = Debug|Any CPU
		{8842DFB9-E65A-4D50-8C55-CE86EEC40431}.Debug|Any CPU.Build.0 = Debug|Any CPU
		{8842DFB9-E65A-4D50-8C55-CE86EEC40431}.Debug|x64.ActiveCfg = Debug|Any CPU
		{8842DFB9-E65A-4D50-8C55-CE86EEC40431}.Debug|x64.Build.0 = Debug|Any CPU
		{8842DFB9-E65A-4D50-8C55-CE86EEC40431}.Debug|x86.ActiveCfg = Debug|Any CPU
		{8842DFB9-E65A-4D50-8C55-CE86EEC40431}.Debug|x86.Build.0 = Debug|Any CPU
		{8842DFB9-E65A-4D50-8C55-CE86EEC40431}.Release|Any CPU.ActiveCfg = Release|Any CPU
		{8842DFB9-E65A-4D50-8C55-CE86EEC40431}.Release|Any CPU.Build.0 = Release|Any CPU
		{8842DFB9-E65A-4D50-8C55-CE86EEC40431}.Release|x64.ActiveCfg = Release|Any CPU
		{8842DFB9-E65A-4D50-8C55-CE86EEC40431}.Release|x64.Build.0 = Release|Any CPU
		{8842DFB9-E65A-4D50-8C55-CE86EEC40431}.Release|x86.ActiveCfg = Release|Any CPU
		{8842DFB9-E65A-4D50-8C55-CE86EEC40431}.Release|x86.Build.0 = Release|Any CPU
		{F261CF17-CBC8-4257-9187-32200CFCA87C}.Debug|Any CPU.ActiveCfg = Debug|Any CPU
		{F261CF17-CBC8-4257-9187-32200CFCA87C}.Debug|Any CPU.Build.0 = Debug|Any CPU
		{F261CF17-CBC8-4257-9187-32200CFCA87C}.Debug|x64.ActiveCfg = Debug|Any CPU
		{F261CF17-CBC8-4257-9187-32200CFCA87C}.Debug|x64.Build.0 = Debug|Any CPU
		{F261CF17-CBC8-4257-9187-32200CFCA87C}.Debug|x86.ActiveCfg = Debug|Any CPU
		{F261CF17-CBC8-4257-9187-32200CFCA87C}.Debug|x86.Build.0 = Debug|Any CPU
		{F261CF17-CBC8-4257-9187-32200CFCA87C}.Release|Any CPU.ActiveCfg = Release|Any CPU
		{F261CF17-CBC8-4257-9187-32200CFCA87C}.Release|Any CPU.Build.0 = Release|Any CPU
		{F261CF17-CBC8-4257-9187-32200CFCA87C}.Release|x64.ActiveCfg = Release|Any CPU
		{F261CF17-CBC8-4257-9187-32200CFCA87C}.Release|x64.Build.0 = Release|Any CPU
		{F261CF17-CBC8-4257-9187-32200CFCA87C}.Release|x86.ActiveCfg = Release|Any CPU
		{F261CF17-CBC8-4257-9187-32200CFCA87C}.Release|x86.Build.0 = Release|Any CPU
		{B62CA75F-3C79-4157-9D6C-D351CF74C74A}.Debug|Any CPU.ActiveCfg = Debug|Any CPU
		{B62CA75F-3C79-4157-9D6C-D351CF74C74A}.Debug|Any CPU.Build.0 = Debug|Any CPU
		{B62CA75F-3C79-4157-9D6C-D351CF74C74A}.Debug|x64.ActiveCfg = Debug|Any CPU
		{B62CA75F-3C79-4157-9D6C-D351CF74C74A}.Debug|x64.Build.0 = Debug|Any CPU
		{B62CA75F-3C79-4157-9D6C-D351CF74C74A}.Debug|x86.ActiveCfg = Debug|Any CPU
		{B62CA75F-3C79-4157-9D6C-D351CF74C74A}.Debug|x86.Build.0 = Debug|Any CPU
		{B62CA75F-3C79-4157-9D6C-D351CF74C74A}.Release|Any CPU.ActiveCfg = Release|Any CPU
		{B62CA75F-3C79-4157-9D6C-D351CF74C74A}.Release|Any CPU.Build.0 = Release|Any CPU
		{B62CA75F-3C79-4157-9D6C-D351CF74C74A}.Release|x64.ActiveCfg = Release|Any CPU
		{B62CA75F-3C79-4157-9D6C-D351CF74C74A}.Release|x64.Build.0 = Release|Any CPU
		{B62CA75F-3C79-4157-9D6C-D351CF74C74A}.Release|x86.ActiveCfg = Release|Any CPU
		{B62CA75F-3C79-4157-9D6C-D351CF74C74A}.Release|x86.Build.0 = Release|Any CPU
		{71960094-C57A-4A97-A55C-E5862B93433D}.Debug|Any CPU.ActiveCfg = Debug|Any CPU
		{71960094-C57A-4A97-A55C-E5862B93433D}.Debug|Any CPU.Build.0 = Debug|Any CPU
		{71960094-C57A-4A97-A55C-E5862B93433D}.Debug|x64.ActiveCfg = Debug|Any CPU
		{71960094-C57A-4A97-A55C-E5862B93433D}.Debug|x64.Build.0 = Debug|Any CPU
		{71960094-C57A-4A97-A55C-E5862B93433D}.Debug|x86.ActiveCfg = Debug|Any CPU
		{71960094-C57A-4A97-A55C-E5862B93433D}.Debug|x86.Build.0 = Debug|Any CPU
		{71960094-C57A-4A97-A55C-E5862B93433D}.Release|Any CPU.ActiveCfg = Release|Any CPU
		{71960094-C57A-4A97-A55C-E5862B93433D}.Release|Any CPU.Build.0 = Release|Any CPU
		{71960094-C57A-4A97-A55C-E5862B93433D}.Release|x64.ActiveCfg = Release|Any CPU
		{71960094-C57A-4A97-A55C-E5862B93433D}.Release|x64.Build.0 = Release|Any CPU
		{71960094-C57A-4A97-A55C-E5862B93433D}.Release|x86.ActiveCfg = Release|Any CPU
		{71960094-C57A-4A97-A55C-E5862B93433D}.Release|x86.Build.0 = Release|Any CPU
		{2777263C-E647-4B82-A1A8-5FBE15D0A6DA}.Debug|Any CPU.ActiveCfg = Debug|Any CPU
		{2777263C-E647-4B82-A1A8-5FBE15D0A6DA}.Debug|Any CPU.Build.0 = Debug|Any CPU
		{2777263C-E647-4B82-A1A8-5FBE15D0A6DA}.Debug|x64.ActiveCfg = Debug|Any CPU
		{2777263C-E647-4B82-A1A8-5FBE15D0A6DA}.Debug|x64.Build.0 = Debug|Any CPU
		{2777263C-E647-4B82-A1A8-5FBE15D0A6DA}.Debug|x86.ActiveCfg = Debug|Any CPU
		{2777263C-E647-4B82-A1A8-5FBE15D0A6DA}.Debug|x86.Build.0 = Debug|Any CPU
		{2777263C-E647-4B82-A1A8-5FBE15D0A6DA}.Release|Any CPU.ActiveCfg = Release|Any CPU
		{2777263C-E647-4B82-A1A8-5FBE15D0A6DA}.Release|Any CPU.Build.0 = Release|Any CPU
		{2777263C-E647-4B82-A1A8-5FBE15D0A6DA}.Release|x64.ActiveCfg = Release|Any CPU
		{2777263C-E647-4B82-A1A8-5FBE15D0A6DA}.Release|x64.Build.0 = Release|Any CPU
		{2777263C-E647-4B82-A1A8-5FBE15D0A6DA}.Release|x86.ActiveCfg = Release|Any CPU
		{2777263C-E647-4B82-A1A8-5FBE15D0A6DA}.Release|x86.Build.0 = Release|Any CPU
		{D9C451D9-0543-4089-8488-C61FB21C5891}.Debug|Any CPU.ActiveCfg = Debug|Any CPU
		{D9C451D9-0543-4089-8488-C61FB21C5891}.Debug|Any CPU.Build.0 = Debug|Any CPU
		{D9C451D9-0543-4089-8488-C61FB21C5891}.Debug|x64.ActiveCfg = Debug|Any CPU
		{D9C451D9-0543-4089-8488-C61FB21C5891}.Debug|x64.Build.0 = Debug|Any CPU
		{D9C451D9-0543-4089-8488-C61FB21C5891}.Debug|x86.ActiveCfg = Debug|Any CPU
		{D9C451D9-0543-4089-8488-C61FB21C5891}.Debug|x86.Build.0 = Debug|Any CPU
		{D9C451D9-0543-4089-8488-C61FB21C5891}.Release|Any CPU.ActiveCfg = Release|Any CPU
		{D9C451D9-0543-4089-8488-C61FB21C5891}.Release|Any CPU.Build.0 = Release|Any CPU
		{D9C451D9-0543-4089-8488-C61FB21C5891}.Release|x64.ActiveCfg = Release|Any CPU
		{D9C451D9-0543-4089-8488-C61FB21C5891}.Release|x64.Build.0 = Release|Any CPU
		{D9C451D9-0543-4089-8488-C61FB21C5891}.Release|x86.ActiveCfg = Release|Any CPU
		{D9C451D9-0543-4089-8488-C61FB21C5891}.Release|x86.Build.0 = Release|Any CPU
	EndGlobalSection
EndGlobal
