
Microsoft Visual Studio Solution File, Format Version 12.00
# Visual Studio 15
VisualStudioVersion = 15.0.26124.0
MinimumVisualStudioVersion = 15.0.26124.0
Project("{FAE04EC0-301F-11D3-BF4B-00C04F79EFBC}") = "Penguin.Cms.Files.Local", "Penguin.Cms.Files.Local.csproj", "{552C0240-D6BC-40B7-AC0E-0CF2AD1E21EB}"
EndProject
Project("{FAE04EC0-301F-11D3-BF4B-00C04F79EFBC}") = "Penguin.Cms.Entities.Local", "..\Penguin.Cms.Entities\Penguin.Cms.Entities.Local.csproj", "{5E190562-06F8-4C48-ACB5-82E49782A58E}"
EndProject
Project("{FAE04EC0-301F-11D3-BF4B-00C04F79EFBC}") = "Penguin.Persistence.Abstractions.Local", "..\Penguin.Persistence.Abstractions\Penguin.Persistence.Abstractions.Local.csproj", "{A347B71A-50A0-4FFE-B3E8-1A2908677290}"
EndProject
Project("{FAE04EC0-301F-11D3-BF4B-00C04F79EFBC}") = "Penguin.Entities.Abstractions.Local", "..\Penguin.Entities.Abstractions\Penguin.Entities.Abstractions.Local.csproj", "{16BEDD78-F07D-4898-BE0F-C402FA437FB8}"
EndProject
Project("{FAE04EC0-301F-11D3-BF4B-00C04F79EFBC}") = "Penguin.Reflection.Extensions.Local", "..\Penguin.Reflection.Extensions\Penguin.Reflection.Extensions.Local.csproj", "{A7AD32A5-546F-4060-AB69-0C8502A9B31D}"
EndProject
Project("{FAE04EC0-301F-11D3-BF4B-00C04F79EFBC}") = "Penguin.Extensions.String.Local", "..\Penguin.Extensions.String\Penguin.Extensions.String.Local.csproj", "{5D5B2E09-2218-4B9C-ACCD-C66009F40A50}"
EndProject
Project("{FAE04EC0-301F-11D3-BF4B-00C04F79EFBC}") = "Penguin.Reflection.Abstractions.Local", "..\Penguin.Reflection.Abstractions\Penguin.Reflection.Abstractions.Local.csproj", "{A66B983D-7E51-4447-94BE-13E8096409C9}"
EndProject
Project("{FAE04EC0-301F-11D3-BF4B-00C04F79EFBC}") = "Penguin.Files.Abstractions.Local", "..\Penguin.Files.Abstractions\Penguin.Files.Abstractions.Local.csproj", "{EE37FFA8-378E-4B8C-B272-A4A8E7505EBE}"
EndProject
Global
	GlobalSection(SolutionConfigurationPlatforms) = preSolution
		Debug|Any CPU = Debug|Any CPU
		Debug|x64 = Debug|x64
		Debug|x86 = Debug|x86
		Release|Any CPU = Release|Any CPU
		Release|x64 = Release|x64
		Release|x86 = Release|x86
	EndGlobalSection
	GlobalSection(SolutionProperties) = preSolution
		HideSolutionNode = FALSE
	EndGlobalSection
	GlobalSection(ProjectConfigurationPlatforms) = postSolution
		{552C0240-D6BC-40B7-AC0E-0CF2AD1E21EB}.Debug|Any CPU.ActiveCfg = Debug|Any CPU
		{552C0240-D6BC-40B7-AC0E-0CF2AD1E21EB}.Debug|Any CPU.Build.0 = Debug|Any CPU
		{552C0240-D6BC-40B7-AC0E-0CF2AD1E21EB}.Debug|x64.ActiveCfg = Debug|Any CPU
		{552C0240-D6BC-40B7-AC0E-0CF2AD1E21EB}.Debug|x64.Build.0 = Debug|Any CPU
		{552C0240-D6BC-40B7-AC0E-0CF2AD1E21EB}.Debug|x86.ActiveCfg = Debug|Any CPU
		{552C0240-D6BC-40B7-AC0E-0CF2AD1E21EB}.Debug|x86.Build.0 = Debug|Any CPU
		{552C0240-D6BC-40B7-AC0E-0CF2AD1E21EB}.Release|Any CPU.ActiveCfg = Release|Any CPU
		{552C0240-D6BC-40B7-AC0E-0CF2AD1E21EB}.Release|Any CPU.Build.0 = Release|Any CPU
		{552C0240-D6BC-40B7-AC0E-0CF2AD1E21EB}.Release|x64.ActiveCfg = Release|Any CPU
		{552C0240-D6BC-40B7-AC0E-0CF2AD1E21EB}.Release|x64.Build.0 = Release|Any CPU
		{552C0240-D6BC-40B7-AC0E-0CF2AD1E21EB}.Release|x86.ActiveCfg = Release|Any CPU
		{552C0240-D6BC-40B7-AC0E-0CF2AD1E21EB}.Release|x86.Build.0 = Release|Any CPU
		{5E190562-06F8-4C48-ACB5-82E49782A58E}.Debug|Any CPU.ActiveCfg = Debug|Any CPU
		{5E190562-06F8-4C48-ACB5-82E49782A58E}.Debug|Any CPU.Build.0 = Debug|Any CPU
		{5E190562-06F8-4C48-ACB5-82E49782A58E}.Debug|x64.ActiveCfg = Debug|Any CPU
		{5E190562-06F8-4C48-ACB5-82E49782A58E}.Debug|x64.Build.0 = Debug|Any CPU
		{5E190562-06F8-4C48-ACB5-82E49782A58E}.Debug|x86.ActiveCfg = Debug|Any CPU
		{5E190562-06F8-4C48-ACB5-82E49782A58E}.Debug|x86.Build.0 = Debug|Any CPU
		{5E190562-06F8-4C48-ACB5-82E49782A58E}.Release|Any CPU.ActiveCfg = Release|Any CPU
		{5E190562-06F8-4C48-ACB5-82E49782A58E}.Release|Any CPU.Build.0 = Release|Any CPU
		{5E190562-06F8-4C48-ACB5-82E49782A58E}.Release|x64.ActiveCfg = Release|Any CPU
		{5E190562-06F8-4C48-ACB5-82E49782A58E}.Release|x64.Build.0 = Release|Any CPU
		{5E190562-06F8-4C48-ACB5-82E49782A58E}.Release|x86.ActiveCfg = Release|Any CPU
		{5E190562-06F8-4C48-ACB5-82E49782A58E}.Release|x86.Build.0 = Release|Any CPU
		{A347B71A-50A0-4FFE-B3E8-1A2908677290}.Debug|Any CPU.ActiveCfg = Debug|Any CPU
		{A347B71A-50A0-4FFE-B3E8-1A2908677290}.Debug|Any CPU.Build.0 = Debug|Any CPU
		{A347B71A-50A0-4FFE-B3E8-1A2908677290}.Debug|x64.ActiveCfg = Debug|Any CPU
		{A347B71A-50A0-4FFE-B3E8-1A2908677290}.Debug|x64.Build.0 = Debug|Any CPU
		{A347B71A-50A0-4FFE-B3E8-1A2908677290}.Debug|x86.ActiveCfg = Debug|Any CPU
		{A347B71A-50A0-4FFE-B3E8-1A2908677290}.Debug|x86.Build.0 = Debug|Any CPU
		{A347B71A-50A0-4FFE-B3E8-1A2908677290}.Release|Any CPU.ActiveCfg = Release|Any CPU
		{A347B71A-50A0-4FFE-B3E8-1A2908677290}.Release|Any CPU.Build.0 = Release|Any CPU
		{A347B71A-50A0-4FFE-B3E8-1A2908677290}.Release|x64.ActiveCfg = Release|Any CPU
		{A347B71A-50A0-4FFE-B3E8-1A2908677290}.Release|x64.Build.0 = Release|Any CPU
		{A347B71A-50A0-4FFE-B3E8-1A2908677290}.Release|x86.ActiveCfg = Release|Any CPU
		{A347B71A-50A0-4FFE-B3E8-1A2908677290}.Release|x86.Build.0 = Release|Any CPU
		{16BEDD78-F07D-4898-BE0F-C402FA437FB8}.Debug|Any CPU.ActiveCfg = Debug|Any CPU
		{16BEDD78-F07D-4898-BE0F-C402FA437FB8}.Debug|Any CPU.Build.0 = Debug|Any CPU
		{16BEDD78-F07D-4898-BE0F-C402FA437FB8}.Debug|x64.ActiveCfg = Debug|Any CPU
		{16BEDD78-F07D-4898-BE0F-C402FA437FB8}.Debug|x64.Build.0 = Debug|Any CPU
		{16BEDD78-F07D-4898-BE0F-C402FA437FB8}.Debug|x86.ActiveCfg = Debug|Any CPU
		{16BEDD78-F07D-4898-BE0F-C402FA437FB8}.Debug|x86.Build.0 = Debug|Any CPU
		{16BEDD78-F07D-4898-BE0F-C402FA437FB8}.Release|Any CPU.ActiveCfg = Release|Any CPU
		{16BEDD78-F07D-4898-BE0F-C402FA437FB8}.Release|Any CPU.Build.0 = Release|Any CPU
		{16BEDD78-F07D-4898-BE0F-C402FA437FB8}.Release|x64.ActiveCfg = Release|Any CPU
		{16BEDD78-F07D-4898-BE0F-C402FA437FB8}.Release|x64.Build.0 = Release|Any CPU
		{16BEDD78-F07D-4898-BE0F-C402FA437FB8}.Release|x86.ActiveCfg = Release|Any CPU
		{16BEDD78-F07D-4898-BE0F-C402FA437FB8}.Release|x86.Build.0 = Release|Any CPU
		{A7AD32A5-546F-4060-AB69-0C8502A9B31D}.Debug|Any CPU.ActiveCfg = Debug|Any CPU
		{A7AD32A5-546F-4060-AB69-0C8502A9B31D}.Debug|Any CPU.Build.0 = Debug|Any CPU
		{A7AD32A5-546F-4060-AB69-0C8502A9B31D}.Debug|x64.ActiveCfg = Debug|Any CPU
		{A7AD32A5-546F-4060-AB69-0C8502A9B31D}.Debug|x64.Build.0 = Debug|Any CPU
		{A7AD32A5-546F-4060-AB69-0C8502A9B31D}.Debug|x86.ActiveCfg = Debug|Any CPU
		{A7AD32A5-546F-4060-AB69-0C8502A9B31D}.Debug|x86.Build.0 = Debug|Any CPU
		{A7AD32A5-546F-4060-AB69-0C8502A9B31D}.Release|Any CPU.ActiveCfg = Release|Any CPU
		{A7AD32A5-546F-4060-AB69-0C8502A9B31D}.Release|Any CPU.Build.0 = Release|Any CPU
		{A7AD32A5-546F-4060-AB69-0C8502A9B31D}.Release|x64.ActiveCfg = Release|Any CPU
		{A7AD32A5-546F-4060-AB69-0C8502A9B31D}.Release|x64.Build.0 = Release|Any CPU
		{A7AD32A5-546F-4060-AB69-0C8502A9B31D}.Release|x86.ActiveCfg = Release|Any CPU
		{A7AD32A5-546F-4060-AB69-0C8502A9B31D}.Release|x86.Build.0 = Release|Any CPU
		{5D5B2E09-2218-4B9C-ACCD-C66009F40A50}.Debug|Any CPU.ActiveCfg = Debug|Any CPU
		{5D5B2E09-2218-4B9C-ACCD-C66009F40A50}.Debug|Any CPU.Build.0 = Debug|Any CPU
		{5D5B2E09-2218-4B9C-ACCD-C66009F40A50}.Debug|x64.ActiveCfg = Debug|Any CPU
		{5D5B2E09-2218-4B9C-ACCD-C66009F40A50}.Debug|x64.Build.0 = Debug|Any CPU
		{5D5B2E09-2218-4B9C-ACCD-C66009F40A50}.Debug|x86.ActiveCfg = Debug|Any CPU
		{5D5B2E09-2218-4B9C-ACCD-C66009F40A50}.Debug|x86.Build.0 = Debug|Any CPU
		{5D5B2E09-2218-4B9C-ACCD-C66009F40A50}.Release|Any CPU.ActiveCfg = Release|Any CPU
		{5D5B2E09-2218-4B9C-ACCD-C66009F40A50}.Release|Any CPU.Build.0 = Release|Any CPU
		{5D5B2E09-2218-4B9C-ACCD-C66009F40A50}.Release|x64.ActiveCfg = Release|Any CPU
		{5D5B2E09-2218-4B9C-ACCD-C66009F40A50}.Release|x64.Build.0 = Release|Any CPU
		{5D5B2E09-2218-4B9C-ACCD-C66009F40A50}.Release|x86.ActiveCfg = Release|Any CPU
		{5D5B2E09-2218-4B9C-ACCD-C66009F40A50}.Release|x86.Build.0 = Release|Any CPU
		{A66B983D-7E51-4447-94BE-13E8096409C9}.Debug|Any CPU.ActiveCfg = Debug|Any CPU
		{A66B983D-7E51-4447-94BE-13E8096409C9}.Debug|Any CPU.Build.0 = Debug|Any CPU
		{A66B983D-7E51-4447-94BE-13E8096409C9}.Debug|x64.ActiveCfg = Debug|Any CPU
		{A66B983D-7E51-4447-94BE-13E8096409C9}.Debug|x64.Build.0 = Debug|Any CPU
		{A66B983D-7E51-4447-94BE-13E8096409C9}.Debug|x86.ActiveCfg = Debug|Any CPU
		{A66B983D-7E51-4447-94BE-13E8096409C9}.Debug|x86.Build.0 = Debug|Any CPU
		{A66B983D-7E51-4447-94BE-13E8096409C9}.Release|Any CPU.ActiveCfg = Release|Any CPU
		{A66B983D-7E51-4447-94BE-13E8096409C9}.Release|Any CPU.Build.0 = Release|Any CPU
		{A66B983D-7E51-4447-94BE-13E8096409C9}.Release|x64.ActiveCfg = Release|Any CPU
		{A66B983D-7E51-4447-94BE-13E8096409C9}.Release|x64.Build.0 = Release|Any CPU
		{A66B983D-7E51-4447-94BE-13E8096409C9}.Release|x86.ActiveCfg = Release|Any CPU
		{A66B983D-7E51-4447-94BE-13E8096409C9}.Release|x86.Build.0 = Release|Any CPU
		{EE37FFA8-378E-4B8C-B272-A4A8E7505EBE}.Debug|Any CPU.ActiveCfg = Debug|Any CPU
		{EE37FFA8-378E-4B8C-B272-A4A8E7505EBE}.Debug|Any CPU.Build.0 = Debug|Any CPU
		{EE37FFA8-378E-4B8C-B272-A4A8E7505EBE}.Debug|x64.ActiveCfg = Debug|Any CPU
		{EE37FFA8-378E-4B8C-B272-A4A8E7505EBE}.Debug|x64.Build.0 = Debug|Any CPU
		{EE37FFA8-378E-4B8C-B272-A4A8E7505EBE}.Debug|x86.ActiveCfg = Debug|Any CPU
		{EE37FFA8-378E-4B8C-B272-A4A8E7505EBE}.Debug|x86.Build.0 = Debug|Any CPU
		{EE37FFA8-378E-4B8C-B272-A4A8E7505EBE}.Release|Any CPU.ActiveCfg = Release|Any CPU
		{EE37FFA8-378E-4B8C-B272-A4A8E7505EBE}.Release|Any CPU.Build.0 = Release|Any CPU
		{EE37FFA8-378E-4B8C-B272-A4A8E7505EBE}.Release|x64.ActiveCfg = Release|Any CPU
		{EE37FFA8-378E-4B8C-B272-A4A8E7505EBE}.Release|x64.Build.0 = Release|Any CPU
		{EE37FFA8-378E-4B8C-B272-A4A8E7505EBE}.Release|x86.ActiveCfg = Release|Any CPU
		{EE37FFA8-378E-4B8C-B272-A4A8E7505EBE}.Release|x86.Build.0 = Release|Any CPU
	EndGlobalSection
EndGlobal
